PODS:
  - Flutter (1.0.0)
  - text_view (0.0.1):
    - Flutter

DEPENDENCIES:
  - Flutter (from `Flutter`)
  - text_view (from `.symlinks/plugins/text_view/ios`)

EXTERNAL SOURCES:
  Flutter:
    :path: Flutter
  text_view:
    :path: ".symlinks/plugins/text_view/ios"

SPEC CHECKSUMS:
  Flutter: 0e3d915762c693b495b44d77113d4970485de6ec
  text_view: f203fe913aa8a14e1e5c41e2b1d890df6ac0892b

PODFILE CHECKSUM: c34e2287a9ccaa606aeceab922830efb9a6ff69a

COCOAPODS: 1.9.3
